
Microsoft Visual Studio Solution File, Format Version 12.00
# Visual Studio Version 16
VisualStudioVersion = 16.0.31112.23
MinimumVisualStudioVersion = 10.0.40219.1
Project("{FAE04EC0-301F-11D3-BF4B-00C04F79EFBC}") = "Home0330_8_7", "Home0330_8_7.csproj", "{B58062E4-FBDD-449C-A9B0-902AAC645793}"
EndProject
Global
	GlobalSection(SolutionConfigurationPlatforms) = preSolution
		Debug|Any CPU = Debug|Any CPU
		Release|Any CPU = Release|Any CPU
	EndGlobalSection
	GlobalSection(ProjectConfigurationPlatforms) = postSolution
		{B58062E4-FBDD-449C-A9B0-902AAC645793}.Debug|Any CPU.ActiveCfg = Debug|Any CPU
		{B58062E4-FBDD-449C-A9B0-902AAC645793}.Debug|Any CPU.Build.0 = Debug|Any CPU
		{B58062E4-FBDD-449C-A9B0-902AAC645793}.Release|Any CPU.ActiveCfg = Release|Any CPU
		{B58062E4-FBDD-449C-A9B0-902AAC645793}.Release|Any CPU.Build.0 = Release|Any CPU
	EndGlobalSection
	GlobalSection(SolutionProperties) = preSolution
		HideSolutionNode = FALSE
	EndGlobalSection
	GlobalSection(ExtensibilityGlobals) = postSolution
		SolutionGuid = {C09358DE-6177-43F6-94A7-D5AB35936651}
	EndGlobalSection
EndGlobal
